
Microsoft Visual Studio Solution File, Format Version 12.00
# Visual Studio 15
VisualStudioVersion = 15.0.27130.2036
MinimumVisualStudioVersion = 10.0.40219.1
Project("{FAE04EC0-301F-11D3-BF4B-00C04F79EFBC}") = "TranslationBot", "TranslationBot\TranslationBot.csproj", "{0377129D-ADD1-4246-A1DF-77FDBDEDD05B}"
EndProject
Global
	GlobalSection(SolutionConfigurationPlatforms) = preSolution
		Debug|Any CPU = Debug|Any CPU
		Debug|x64 = Debug|x64
		Release|Any CPU = Release|Any CPU
		Release|x64 = Release|x64
	EndGlobalSection
	GlobalSection(ProjectConfigurationPlatforms) = postSolution
		{0377129D-ADD1-4246-A1DF-77FDBDEDD05B}.Debug|Any CPU.ActiveCfg = Debug|Any CPU
		{0377129D-ADD1-4246-A1DF-77FDBDEDD05B}.Debug|Any CPU.Build.0 = Debug|Any CPU
		{0377129D-ADD1-4246-A1DF-77FDBDEDD05B}.Debug|x64.ActiveCfg = Debug|x64
		{0377129D-ADD1-4246-A1DF-77FDBDEDD05B}.Debug|x64.Build.0 = Debug|x64
		{0377129D-ADD1-4246-A1DF-77FDBDEDD05B}.Release|Any CPU.ActiveCfg = Release|Any CPU
		{0377129D-ADD1-4246-A1DF-77FDBDEDD05B}.Release|Any CPU.Build.0 = Release|Any CPU
		{0377129D-ADD1-4246-A1DF-77FDBDEDD05B}.Release|x64.ActiveCfg = Release|x64
		{0377129D-ADD1-4246-A1DF-77FDBDEDD05B}.Release|x64.Build.0 = Release|x64
	EndGlobalSection
	GlobalSection(SolutionProperties) = preSolution
		HideSolutionNode = FALSE
	EndGlobalSection
	GlobalSection(ExtensibilityGlobals) = postSolution
		SolutionGuid = {E8926DAE-8027-41C1-B4CF-7C2684712EC2}
	EndGlobalSection
EndGlobal
